
Microsoft Visual Studio Solution File, Format Version 12.00
# Visual Studio 15
VisualStudioVersion = 15.0.28307.1231
MinimumVisualStudioVersion = 10.0.40219.1
Project("{FAE04EC0-301F-11D3-BF4B-00C04F79EFBC}") = "SAT.MVC.UI", "SAT\SAT.MVC.UI\SAT.MVC.UI.csproj", "{E81F3A81-A7D8-46E2-93B0-29B7DBEE470F}"
EndProject
Project("{FAE04EC0-301F-11D3-BF4B-00C04F79EFBC}") = "SAT.MVC.DATA.EF", "SAT.MVC.DATA.EF\SAT.MVC.DATA.EF.csproj", "{50983C25-438B-40B0-AB51-631E0F73246D}"
EndProject
Global
	GlobalSection(SolutionConfigurationPlatforms) = preSolution
		Debug|Any CPU = Debug|Any CPU
		Release|Any CPU = Release|Any CPU
	EndGlobalSection
	GlobalSection(ProjectConfigurationPlatforms) = postSolution
		{E81F3A81-A7D8-46E2-93B0-29B7DBEE470F}.Debug|Any CPU.ActiveCfg = Debug|Any CPU
		{E81F3A81-A7D8-46E2-93B0-29B7DBEE470F}.Debug|Any CPU.Build.0 = Debug|Any CPU
		{E81F3A81-A7D8-46E2-93B0-29B7DBEE470F}.Release|Any CPU.ActiveCfg = Release|Any CPU
		{E81F3A81-A7D8-46E2-93B0-29B7DBEE470F}.Release|Any CPU.Build.0 = Release|Any CPU
		{50983C25-438B-40B0-AB51-631E0F73246D}.Debug|Any CPU.ActiveCfg = Debug|Any CPU
		{50983C25-438B-40B0-AB51-631E0F73246D}.Debug|Any CPU.Build.0 = Debug|Any CPU
		{50983C25-438B-40B0-AB51-631E0F73246D}.Release|Any CPU.ActiveCfg = Release|Any CPU
		{50983C25-438B-40B0-AB51-631E0F73246D}.Release|Any CPU.Build.0 = Release|Any CPU
	EndGlobalSection
	GlobalSection(SolutionProperties) = preSolution
		HideSolutionNode = FALSE
	EndGlobalSection
	GlobalSection(ExtensibilityGlobals) = postSolution
		SolutionGuid = {55AB420E-C0CC-4717-8030-E5FAF8D0C6B1}
	EndGlobalSection
EndGlobal
