
Microsoft Visual Studio Solution File, Format Version 12.00
# Visual Studio 15
VisualStudioVersion = 15.0.28307.1231
MinimumVisualStudioVersion = 10.0.40219.1
Project("{FAE04EC0-301F-11D3-BF4B-00C04F79EFBC}") = "StoreFront.UI.MVC", "StoreFront\StoreFront.UI.MVC\StoreFront.UI.MVC.csproj", "{F2D2FAB6-6B35-4990-AA23-DFEFECCB12A9}"
EndProject
Global
	GlobalSection(SolutionConfigurationPlatforms) = preSolution
		Debug|Any CPU = Debug|Any CPU
		Release|Any CPU = Release|Any CPU
	EndGlobalSection
	GlobalSection(ProjectConfigurationPlatforms) = postSolution
		{F2D2FAB6-6B35-4990-AA23-DFEFECCB12A9}.Debug|Any CPU.ActiveCfg = Debug|Any CPU
		{F2D2FAB6-6B35-4990-AA23-DFEFECCB12A9}.Debug|Any CPU.Build.0 = Debug|Any CPU
		{F2D2FAB6-6B35-4990-AA23-DFEFECCB12A9}.Release|Any CPU.ActiveCfg = Release|Any CPU
		{F2D2FAB6-6B35-4990-AA23-DFEFECCB12A9}.Release|Any CPU.Build.0 = Release|Any CPU
	EndGlobalSection
	GlobalSection(SolutionProperties) = preSolution
		HideSolutionNode = FALSE
	EndGlobalSection
	GlobalSection(ExtensibilityGlobals) = postSolution
		SolutionGuid = {59B50E5A-4864-4C9A-9BA5-6D732F9BC740}
	EndGlobalSection
EndGlobal
