
Microsoft Visual Studio Solution File, Format Version 12.00
# Visual Studio 15
VisualStudioVersion = 15.0.28307.1231
MinimumVisualStudioVersion = 10.0.40219.1
Project("{FAE04EC0-301F-11D3-BF4B-00C04F79EFBC}") = "PersonalSite", "..\..\..\OneDrive\Documents\Visual Studio 2017\Projects\PersonalSite\PersonalSite.csproj", "{7FD06462-F152-4466-9E64-1FC4F6E84084}"
EndProject
Global
	GlobalSection(SolutionConfigurationPlatforms) = preSolution
		Debug|Any CPU = Debug|Any CPU
		Release|Any CPU = Release|Any CPU
	EndGlobalSection
	GlobalSection(ProjectConfigurationPlatforms) = postSolution
		{7FD06462-F152-4466-9E64-1FC4F6E84084}.Debug|Any CPU.ActiveCfg = Debug|Any CPU
		{7FD06462-F152-4466-9E64-1FC4F6E84084}.Debug|Any CPU.Build.0 = Debug|Any CPU
		{7FD06462-F152-4466-9E64-1FC4F6E84084}.Release|Any CPU.ActiveCfg = Release|Any CPU
		{7FD06462-F152-4466-9E64-1FC4F6E84084}.Release|Any CPU.Build.0 = Release|Any CPU
	EndGlobalSection
	GlobalSection(SolutionProperties) = preSolution
		HideSolutionNode = FALSE
	EndGlobalSection
	GlobalSection(ExtensibilityGlobals) = postSolution
		SolutionGuid = {ED72B2D4-CED0-4455-8140-E7F8650B9CF8}
	EndGlobalSection
EndGlobal
